// !$*UTF8*$!
{
	archiveVersion = 1;
	classes = {
	};
	objectVersion = 56;
	objects = {

/* Begin PBXAggregateTarget section */
		948098EE29E71D090024AA61 /* Copy .env */ = {
			isa = PBXAggregateTarget;
			buildConfigurationList = 948098EF29E71D090024AA61 /* Build configuration list for PBXAggregateTarget "Copy .env" */;
			buildPhases = (
				948098F229E71D170024AA61 /* ShellScript */,
			);
			dependencies = (
			);
			name = "Copy .env";
			productName = "Copy .env";
		};
		948098F329E71D300024AA61 /* Copy .env.json */ = {
			isa = PBXAggregateTarget;
			buildConfigurationList = 948098F429E71D300024AA61 /* Build configuration list for PBXAggregateTarget "Copy .env.json" */;
			buildPhases = (
				948098F729E71D330024AA61 /* ShellScript */,
			);
			dependencies = (
			);
			name = "Copy .env.json";
			productName = "Copy .env.json";
		};
/* End PBXAggregateTarget section */

/* Begin PBXBuildFile section */
		94502CEE299945840064ECD1 /* SwiftPackageKeys in Frameworks */ = {isa = PBXBuildFile; productRef = 94502CED299945840064ECD1 /* SwiftPackageKeys */; };
		94568E372997E83400900602 /* AppDelegate.swift in Sources */ = {isa = PBXBuildFile; fileRef = 94568E362997E83400900602 /* AppDelegate.swift */; };
		94568E392997E83400900602 /* SceneDelegate.swift in Sources */ = {isa = PBXBuildFile; fileRef = 94568E382997E83400900602 /* SceneDelegate.swift */; };
		94568E3B2997E83400900602 /* ViewController.swift in Sources */ = {isa = PBXBuildFile; fileRef = 94568E3A2997E83400900602 /* ViewController.swift */; };
		94568E3E2997E83400900602 /* Main.storyboard in Resources */ = {isa = PBXBuildFile; fileRef = 94568E3C2997E83400900602 /* Main.storyboard */; };
		94568E402997E83500900602 /* Assets.xcassets in Resources */ = {isa = PBXBuildFile; fileRef = 94568E3F2997E83500900602 /* Assets.xcassets */; };
		94568E432997E83500900602 /* LaunchScreen.storyboard in Resources */ = {isa = PBXBuildFile; fileRef = 94568E412997E83500900602 /* LaunchScreen.storyboard */; };
		94568E4E2997F50100900602 /* SwiftPackageKeys in Frameworks */ = {isa = PBXBuildFile; productRef = 94568E4D2997F50100900602 /* SwiftPackageKeys */; };
/* End PBXBuildFile section */

/* Begin PBXFileReference section */
		94568E332997E83400900602 /* SwiftPackageKeysSampleApp.app */ = {isa = PBXFileReference; explicitFileType = wrapper.application; includeInIndex = 0; path = SwiftPackageKeysSampleApp.app; sourceTree = BUILT_PRODUCTS_DIR; };
		94568E362997E83400900602 /* AppDelegate.swift */ = {isa = PBXFileReference; lastKnownFileType = sourcecode.swift; path = AppDelegate.swift; sourceTree = "<group>"; };
		94568E382997E83400900602 /* SceneDelegate.swift */ = {isa = PBXFileReference; lastKnownFileType = sourcecode.swift; path = SceneDelegate.swift; sourceTree = "<group>"; };
		94568E3A2997E83400900602 /* ViewController.swift */ = {isa = PBXFileReference; lastKnownFileType = sourcecode.swift; path = ViewController.swift; sourceTree = "<group>"; };
		94568E3D2997E83400900602 /* Base */ = {isa = PBXFileReference; lastKnownFileType = file.storyboard; name = Base; path = Base.lproj/Main.storyboard; sourceTree = "<group>"; };
		94568E3F2997E83500900602 /* Assets.xcassets */ = {isa = PBXFileReference; lastKnownFileType = folder.assetcatalog; path = Assets.xcassets; sourceTree = "<group>"; };
		94568E422997E83500900602 /* Base */ = {isa = PBXFileReference; lastKnownFileType = file.storyboard; name = Base; path = Base.lproj/LaunchScreen.storyboard; sourceTree = "<group>"; };
		94568E442997E83500900602 /* Info.plist */ = {isa = PBXFileReference; lastKnownFileType = text.plist.xml; path = Info.plist; sourceTree = "<group>"; };
/* End PBXFileReference section */

/* Begin PBXFrameworksBuildPhase section */
		94568E302997E83400900602 /* Frameworks */ = {
			isa = PBXFrameworksBuildPhase;
			buildActionMask = 2147483647;
			files = (
				94568E4E2997F50100900602 /* SwiftPackageKeys in Frameworks */,
				94502CEE299945840064ECD1 /* SwiftPackageKeys in Frameworks */,
			);
			runOnlyForDeploymentPostprocessing = 0;
		};
/* End PBXFrameworksBuildPhase section */

/* Begin PBXGroup section */
		94568E2A2997E83400900602 = {
			isa = PBXGroup;
			children = (
				94568E352997E83400900602 /* SwiftPackageKeysSampleApp */,
				94568E342997E83400900602 /* Products */,
				94568E4C2997F50100900602 /* Frameworks */,
			);
			sourceTree = "<group>";
		};
		94568E342997E83400900602 /* Products */ = {
			isa = PBXGroup;
			children = (
				94568E332997E83400900602 /* SwiftPackageKeysSampleApp.app */,
			);
			name = Products;
			sourceTree = "<group>";
		};
		94568E352997E83400900602 /* SwiftPackageKeysSampleApp */ = {
			isa = PBXGroup;
			children = (
				94568E362997E83400900602 /* AppDelegate.swift */,
				94568E382997E83400900602 /* SceneDelegate.swift */,
				94568E3A2997E83400900602 /* ViewController.swift */,
				94568E3C2997E83400900602 /* Main.storyboard */,
				94568E3F2997E83500900602 /* Assets.xcassets */,
				94568E412997E83500900602 /* LaunchScreen.storyboard */,
				94568E442997E83500900602 /* Info.plist */,
			);
			path = SwiftPackageKeysSampleApp;
			sourceTree = "<group>";
		};
		94568E4C2997F50100900602 /* Frameworks */ = {
			isa = PBXGroup;
			children = (
			);
			name = Frameworks;
			sourceTree = "<group>";
		};
/* End PBXGroup section */

/* Begin PBXNativeTarget section */
		94568E322997E83400900602 /* SwiftPackageKeysSampleApp */ = {
			isa = PBXNativeTarget;
			buildConfigurationList = 94568E472997E83500900602 /* Build configuration list for PBXNativeTarget "SwiftPackageKeysSampleApp" */;
			buildPhases = (
				94568E2F2997E83400900602 /* Sources */,
				94568E302997E83400900602 /* Frameworks */,
				94568E312997E83400900602 /* Resources */,
			);
			buildRules = (
			);
			dependencies = (
			);
			name = SwiftPackageKeysSampleApp;
			packageProductDependencies = (
				94568E4D2997F50100900602 /* SwiftPackageKeys */,
				94502CED299945840064ECD1 /* SwiftPackageKeys */,
			);
			productName = SwiftPackageKeysSampleApp;
			productReference = 94568E332997E83400900602 /* SwiftPackageKeysSampleApp.app */;
			productType = "com.apple.product-type.application";
		};
/* End PBXNativeTarget section */

/* Begin PBXProject section */
		94568E2B2997E83400900602 /* Project object */ = {
			isa = PBXProject;
			attributes = {
				BuildIndependentTargetsInParallel = 1;
				LastSwiftUpdateCheck = 1420;
				LastUpgradeCheck = 1420;
				TargetAttributes = {
					94568E322997E83400900602 = {
						CreatedOnToolsVersion = 14.2;
					};
					948098EE29E71D090024AA61 = {
						CreatedOnToolsVersion = 14.2;
					};
					948098F329E71D300024AA61 = {
						CreatedOnToolsVersion = 14.2;
					};
				};
			};
			buildConfigurationList = 94568E2E2997E83400900602 /* Build configuration list for PBXProject "SwiftPackageKeysSampleApp" */;
			compatibilityVersion = "Xcode 14.0";
			developmentRegion = en;
			hasScannedForEncodings = 0;
			knownRegions = (
				en,
				Base,
			);
			mainGroup = 94568E2A2997E83400900602;
			packageReferences = (
				94502CEC299945840064ECD1 /* XCRemoteSwiftPackageReference "SwiftPackageKeys" */,
			);
			productRefGroup = 94568E342997E83400900602 /* Products */;
			projectDirPath = "";
			projectRoot = "";
			targets = (
				94568E322997E83400900602 /* SwiftPackageKeysSampleApp */,
				948098EE29E71D090024AA61 /* Copy .env */,
				948098F329E71D300024AA61 /* Copy .env.json */,
			);
		};
/* End PBXProject section */

/* Begin PBXResourcesBuildPhase section */
		94568E312997E83400900602 /* Resources */ = {
			isa = PBXResourcesBuildPhase;
			buildActionMask = 2147483647;
			files = (
				94568E432997E83500900602 /* LaunchScreen.storyboard in Resources */,
				94568E402997E83500900602 /* Assets.xcassets in Resources */,
				94568E3E2997E83400900602 /* Main.storyboard in Resources */,
			);
			runOnlyForDeploymentPostprocessing = 0;
		};
/* End PBXResourcesBuildPhase section */

/* Begin PBXShellScriptBuildPhase section */
		948098F229E71D170024AA61 /* ShellScript */ = {
			isa = PBXShellScriptBuildPhase;
			buildActionMask = 2147483647;
			files = (
			);
			inputFileListPaths = (
			);
			inputPaths = (
			);
			outputFileListPaths = (
			);
			outputPaths = (
			);
			runOnlyForDeploymentPostprocessing = 0;
			shellPath = /bin/sh;
			shellScript = "# Type a script or drag a script file from your workspace to insert its path.\nrm -rf \"${PROJECT_DIR}/.env.json\"\nrm -rf \"${PROJECT_DIR}/.env\"\ncp \"${PROJECT_DIR}/env\" \"${PROJECT_DIR}/.env\"\n";
		};
		948098F729E71D330024AA61 /* ShellScript */ = {
			isa = PBXShellScriptBuildPhase;
			buildActionMask = 2147483647;
			files = (
			);
			inputFileListPaths = (
			);
			inputPaths = (
			);
			outputFileListPaths = (
			);
			outputPaths = (
			);
			runOnlyForDeploymentPostprocessing = 0;
			shellPath = /bin/sh;
			shellScript = "# Type a script or drag a script file from your workspace to insert its path.\nrm -rf \"${PROJECT_DIR}/.env.json\"\nrm -rf \"${PROJECT_DIR}/.env\"\ncp \"${PROJECT_DIR}/env.json\" \"${PROJECT_DIR}/.env.json\"\n";
		};
/* End PBXShellScriptBuildPhase section */

/* Begin PBXSourcesBuildPhase section */
		94568E2F2997E83400900602 /* Sources */ = {
			isa = PBXSourcesBuildPhase;
			buildActionMask = 2147483647;
			files = (
				94568E3B2997E83400900602 /* ViewController.swift in Sources */,
				94568E372997E83400900602 /* AppDelegate.swift in Sources */,
				94568E392997E83400900602 /* SceneDelegate.swift in Sources */,
			);
			runOnlyForDeploymentPostprocessing = 0;
		};
/* End PBXSourcesBuildPhase section */

/* Begin PBXVariantGroup section */
		94568E3C2997E83400900602 /* Main.storyboard */ = {
			isa = PBXVariantGroup;
			children = (
				94568E3D2997E83400900602 /* Base */,
			);
			name = Main.storyboard;
			sourceTree = "<group>";
		};
		94568E412997E83500900602 /* LaunchScreen.storyboard */ = {
			isa = PBXVariantGroup;
			children = (
				94568E422997E83500900602 /* Base */,
			);
			name = LaunchScreen.storyboard;
			sourceTree = "<group>";
		};
/* End PBXVariantGroup section */

/* Begin XCBuildConfiguration section */
		94568E452997E83500900602 /* Debug */ = {
			isa = XCBuildConfiguration;
			buildSettings = {
				ALWAYS_SEARCH_USER_PATHS = NO;
				CLANG_ANALYZER_NONNULL = YES;
				CLANG_ANALYZER_NUMBER_OBJECT_CONVERSION = YES_AGGRESSIVE;
				CLANG_CXX_LANGUAGE_STANDARD = "gnu++20";
				CLANG_ENABLE_MODULES = YES;
				CLANG_ENABLE_OBJC_ARC = YES;
				CLANG_ENABLE_OBJC_WEAK = YES;
				CLANG_WARN_BLOCK_CAPTURE_AUTORELEASING = YES;
				CLANG_WARN_BOOL_CONVERSION = YES;
				CLANG_WARN_COMMA = YES;
				CLANG_WARN_CONSTANT_CONVERSION = YES;
				CLANG_WARN_DEPRECATED_OBJC_IMPLEMENTATIONS = YES;
				CLANG_WARN_DIRECT_OBJC_ISA_USAGE = YES_ERROR;
				CLANG_WARN_DOCUMENTATION_COMMENTS = YES;
				CLANG_WARN_EMPTY_BODY = YES;
				CLANG_WARN_ENUM_CONVERSION = YES;
				CLANG_WARN_INFINITE_RECURSION = YES;
				CLANG_WARN_INT_CONVERSION = YES;
				CLANG_WARN_NON_LITERAL_NULL_CONVERSION = YES;
				CLANG_WARN_OBJC_IMPLICIT_RETAIN_SELF = YES;
				CLANG_WARN_OBJC_LITERAL_CONVERSION = YES;
				CLANG_WARN_OBJC_ROOT_CLASS = YES_ERROR;
				CLANG_WARN_QUOTED_INCLUDE_IN_FRAMEWORK_HEADER = YES;
				CLANG_WARN_RANGE_LOOP_ANALYSIS = YES;
				CLANG_WARN_STRICT_PROTOTYPES = YES;
				CLANG_WARN_SUSPICIOUS_MOVE = YES;
				CLANG_WARN_UNGUARDED_AVAILABILITY = YES_AGGRESSIVE;
				CLANG_WARN_UNREACHABLE_CODE = YES;
				CLANG_WARN__DUPLICATE_METHOD_MATCH = YES;
				COPY_PHASE_STRIP = NO;
				DEBUG_INFORMATION_FORMAT = dwarf;
				ENABLE_STRICT_OBJC_MSGSEND = YES;
				ENABLE_TESTABILITY = YES;
				GCC_C_LANGUAGE_STANDARD = gnu11;
				GCC_DYNAMIC_NO_PIC = NO;
				GCC_NO_COMMON_BLOCKS = YES;
				GCC_OPTIMIZATION_LEVEL = 0;
				GCC_PREPROCESSOR_DEFINITIONS = (
					"DEBUG=1",
					"$(inherited)",
				);
				GCC_WARN_64_TO_32_BIT_CONVERSION = YES;
				GCC_WARN_ABOUT_RETURN_TYPE = YES_ERROR;
				GCC_WARN_UNDECLARED_SELECTOR = YES;
				GCC_WARN_UNINITIALIZED_AUTOS = YES_AGGRESSIVE;
				GCC_WARN_UNUSED_FUNCTION = YES;
				GCC_WARN_UNUSED_VARIABLE = YES;
				IPHONEOS_DEPLOYMENT_TARGET = 16.2;
				MTL_ENABLE_DEBUG_INFO = INCLUDE_SOURCE;
				MTL_FAST_MATH = YES;
				ONLY_ACTIVE_ARCH = YES;
				SDKROOT = iphoneos;
				SWIFT_ACTIVE_COMPILATION_CONDITIONS = DEBUG;
				SWIFT_OPTIMIZATION_LEVEL = "-Onone";
			};
			name = Debug;
		};
		94568E462997E83500900602 /* Release */ = {
			isa = XCBuildConfiguration;
			buildSettings = {
				ALWAYS_SEARCH_USER_PATHS = NO;
				CLANG_ANALYZER_NONNULL = YES;
				CLANG_ANALYZER_NUMBER_OBJECT_CONVERSION = YES_AGGRESSIVE;
				CLANG_CXX_LANGUAGE_STANDARD = "gnu++20";
				CLANG_ENABLE_MODULES = YES;
				CLANG_ENABLE_OBJC_ARC = YES;
				CLANG_ENABLE_OBJC_WEAK = YES;
				CLANG_WARN_BLOCK_CAPTURE_AUTORELEASING = YES;
				CLANG_WARN_BOOL_CONVERSION = YES;
				CLANG_WARN_COMMA = YES;
				CLANG_WARN_CONSTANT_CONVERSION = YES;
				CLANG_WARN_DEPRECATED_OBJC_IMPLEMENTATIONS = YES;
				CLANG_WARN_DIRECT_OBJC_ISA_USAGE = YES_ERROR;
				CLANG_WARN_DOCUMENTATION_COMMENTS = YES;
				CLANG_WARN_EMPTY_BODY = YES;
				CLANG_WARN_ENUM_CONVERSION = YES;
				CLANG_WARN_INFINITE_RECURSION = YES;
				CLANG_WARN_INT_CONVERSION = YES;
				CLANG_WARN_NON_LITERAL_NULL_CONVERSION = YES;
				CLANG_WARN_OBJC_IMPLICIT_RETAIN_SELF = YES;
				CLANG_WARN_OBJC_LITERAL_CONVERSION = YES;
				CLANG_WARN_OBJC_ROOT_CLASS = YES_ERROR;
				CLANG_WARN_QUOTED_INCLUDE_IN_FRAMEWORK_HEADER = YES;
				CLANG_WARN_RANGE_LOOP_ANALYSIS = YES;
				CLANG_WARN_STRICT_PROTOTYPES = YES;
				CLANG_WARN_SUSPICIOUS_MOVE = YES;
				CLANG_WARN_UNGUARDED_AVAILABILITY = YES_AGGRESSIVE;
				CLANG_WARN_UNREACHABLE_CODE = YES;
				CLANG_WARN__DUPLICATE_METHOD_MATCH = YES;
				COPY_PHASE_STRIP = NO;
				DEBUG_INFORMATION_FORMAT = "dwarf-with-dsym";
				ENABLE_NS_ASSERTIONS = NO;
				ENABLE_STRICT_OBJC_MSGSEND = YES;
				GCC_C_LANGUAGE_STANDARD = gnu11;
				GCC_NO_COMMON_BLOCKS = YES;
				GCC_WARN_64_TO_32_BIT_CONVERSION = YES;
				GCC_WARN_ABOUT_RETURN_TYPE = YES_ERROR;
				GCC_WARN_UNDECLARED_SELECTOR = YES;
				GCC_WARN_UNINITIALIZED_AUTOS = YES_AGGRESSIVE;
				GCC_WARN_UNUSED_FUNCTION = YES;
				GCC_WARN_UNUSED_VARIABLE = YES;
				IPHONEOS_DEPLOYMENT_TARGET = 16.2;
				MTL_ENABLE_DEBUG_INFO = NO;
				MTL_FAST_MATH = YES;
				SDKROOT = iphoneos;
				SWIFT_COMPILATION_MODE = wholemodule;
				SWIFT_OPTIMIZATION_LEVEL = "-O";
				VALIDATE_PRODUCT = YES;
			};
			name = Release;
		};
		94568E482997E83500900602 /* Debug */ = {
			isa = XCBuildConfiguration;
			buildSettings = {
				ASSETCATALOG_COMPILER_APPICON_NAME = AppIcon;
				ASSETCATALOG_COMPILER_GLOBAL_ACCENT_COLOR_NAME = AccentColor;
				CODE_SIGN_STYLE = Automatic;
				CURRENT_PROJECT_VERSION = 1;
				DEVELOPMENT_TEAM = 94Z448EL6M;
				GENERATE_INFOPLIST_FILE = YES;
				INFOPLIST_FILE = SwiftPackageKeysSampleApp/Info.plist;
				INFOPLIST_KEY_UIApplicationSupportsIndirectInputEvents = YES;
				INFOPLIST_KEY_UILaunchStoryboardName = LaunchScreen;
				INFOPLIST_KEY_UIMainStoryboardFile = Main;
				INFOPLIST_KEY_UISupportedInterfaceOrientations_iPad = "UIInterfaceOrientationPortrait UIInterfaceOrientationPortraitUpsideDown UIInterfaceOrientationLandscapeLeft UIInterfaceOrientationLandscapeRight";
				INFOPLIST_KEY_UISupportedInterfaceOrientations_iPhone = "UIInterfaceOrientationPortrait UIInterfaceOrientationLandscapeLeft UIInterfaceOrientationLandscapeRight";
				LD_RUNPATH_SEARCH_PATHS = (
					"$(inherited)",
					"@executable_path/Frameworks",
				);
				MARKETING_VERSION = 1.0;
				PRODUCT_BUNDLE_IDENTIFIER = net.yamatte.SwiftPackageKeysSampleApp;
				PRODUCT_NAME = "$(TARGET_NAME)";
				SWIFT_EMIT_LOC_STRINGS = YES;
				SWIFT_VERSION = 5.0;
				TARGETED_DEVICE_FAMILY = "1,2";
			};
			name = Debug;
		};
		94568E492997E83500900602 /* Release */ = {
			isa = XCBuildConfiguration;
			buildSettings = {
				ASSETCATALOG_COMPILER_APPICON_NAME = AppIcon;
				ASSETCATALOG_COMPILER_GLOBAL_ACCENT_COLOR_NAME = AccentColor;
				CODE_SIGN_STYLE = Automatic;
				CURRENT_PROJECT_VERSION = 1;
				DEVELOPMENT_TEAM = 94Z448EL6M;
				GENERATE_INFOPLIST_FILE = YES;
				INFOPLIST_FILE = SwiftPackageKeysSampleApp/Info.plist;
				INFOPLIST_KEY_UIApplicationSupportsIndirectInputEvents = YES;
				INFOPLIST_KEY_UILaunchStoryboardName = LaunchScreen;
				INFOPLIST_KEY_UIMainStoryboardFile = Main;
				INFOPLIST_KEY_UISupportedInterfaceOrientations_iPad = "UIInterfaceOrientationPortrait UIInterfaceOrientationPortraitUpsideDown UIInterfaceOrientationLandscapeLeft UIInterfaceOrientationLandscapeRight";
				INFOPLIST_KEY_UISupportedInterfaceOrientations_iPhone = "UIInterfaceOrientationPortrait UIInterfaceOrientationLandscapeLeft UIInterfaceOrientationLandscapeRight";
				LD_RUNPATH_SEARCH_PATHS = (
					"$(inherited)",
					"@executable_path/Frameworks",
				);
				MARKETING_VERSION = 1.0;
				PRODUCT_BUNDLE_IDENTIFIER = net.yamatte.SwiftPackageKeysSampleApp;
				PRODUCT_NAME = "$(TARGET_NAME)";
				SWIFT_EMIT_LOC_STRINGS = YES;
				SWIFT_VERSION = 5.0;
				TARGETED_DEVICE_FAMILY = "1,2";
			};
			name = Release;
		};
		948098F029E71D090024AA61 /* Debug */ = {
			isa = XCBuildConfiguration;
			buildSettings = {
				CODE_SIGN_STYLE = Automatic;
				DEVELOPMENT_TEAM = 94Z448EL6M;
				PRODUCT_NAME = "$(TARGET_NAME)";
			};
			name = Debug;
		};
		948098F129E71D090024AA61 /* Release */ = {
			isa = XCBuildConfiguration;
			buildSettings = {
				CODE_SIGN_STYLE = Automatic;
				DEVELOPMENT_TEAM = 94Z448EL6M;
				PRODUCT_NAME = "$(TARGET_NAME)";
			};
			name = Release;
		};
		948098F529E71D300024AA61 /* Debug */ = {
			isa = XCBuildConfiguration;
			buildSettings = {
				CODE_SIGN_STYLE = Automatic;
				DEVELOPMENT_TEAM = 94Z448EL6M;
				PRODUCT_NAME = "$(TARGET_NAME)";
			};
			name = Debug;
		};
		948098F629E71D300024AA61 /* Release */ = {
			isa = XCBuildConfiguration;
			buildSettings = {
				CODE_SIGN_STYLE = Automatic;
				DEVELOPMENT_TEAM = 94Z448EL6M;
				PRODUCT_NAME = "$(TARGET_NAME)";
			};
			name = Release;
		};
/* End XCBuildConfiguration section */

/* Begin XCConfigurationList section */
		94568E2E2997E83400900602 /* Build configuration list for PBXProject "SwiftPackageKeysSampleApp" */ = {
			isa = XCConfigurationList;
			buildConfigurations = (
				94568E452997E83500900602 /* Debug */,
				94568E462997E83500900602 /* Release */,
			);
			defaultConfigurationIsVisible = 0;
			defaultConfigurationName = Release;
		};
		94568E472997E83500900602 /* Build configuration list for PBXNativeTarget "SwiftPackageKeysSampleApp" */ = {
			isa = XCConfigurationList;
			buildConfigurations = (
				94568E482997E83500900602 /* Debug */,
				94568E492997E83500900602 /* Release */,
			);
			defaultConfigurationIsVisible = 0;
			defaultConfigurationName = Release;
		};
		948098EF29E71D090024AA61 /* Build configuration list for PBXAggregateTarget "Copy .env" */ = {
			isa = XCConfigurationList;
			buildConfigurations = (
				948098F029E71D090024AA61 /* Debug */,
				948098F129E71D090024AA61 /* Release */,
			);
			defaultConfigurationIsVisible = 0;
			defaultConfigurationName = Release;
		};
		948098F429E71D300024AA61 /* Build configuration list for PBXAggregateTarget "Copy .env.json" */ = {
			isa = XCConfigurationList;
			buildConfigurations = (
				948098F529E71D300024AA61 /* Debug */,
				948098F629E71D300024AA61 /* Release */,
			);
			defaultConfigurationIsVisible = 0;
			defaultConfigurationName = Release;
		};
/* End XCConfigurationList section */

/* Begin XCRemoteSwiftPackageReference section */
		94502CEC299945840064ECD1 /* XCRemoteSwiftPackageReference "SwiftPackageKeys" */ = {
			isa = XCRemoteSwiftPackageReference;
			repositoryURL = "https://github.com/MasamiYamate/SwiftPackageKeys";
			requirement = {
				kind = revision;
				revision = be42ce86bad12f6774405426f6eaebde52a0876b;
			};
		};
/* End XCRemoteSwiftPackageReference section */

/* Begin XCSwiftPackageProductDependency section */
		94502CED299945840064ECD1 /* SwiftPackageKeys */ = {
			isa = XCSwiftPackageProductDependency;
			package = 94502CEC299945840064ECD1 /* XCRemoteSwiftPackageReference "SwiftPackageKeys" */;
			productName = SwiftPackageKeys;
		};
		94568E4D2997F50100900602 /* SwiftPackageKeys */ = {
			isa = XCSwiftPackageProductDependency;
			productName = SwiftPackageKeys;
		};
/* End XCSwiftPackageProductDependency section */
	};
	rootObject = 94568E2B2997E83400900602 /* Project object */;
}
