{
  "originHash" : "40cadc8092ca009356c07a4506f12734e8445cc40947af81a83bdbf863a14b34",
  "pins" : [
    {
      "identity" : "swiftpackagekeys",
      "kind" : "remoteSourceControl",
      "location" : "https://github.com/MasamiYamate/SwiftPackageKeys.git",
      "state" : {
        "revision" : "7ba6279e3db46ece3b9dc25b5cb99f756d2488c6"
      }
    }
  ],
  "version" : 3
}
