{
  "originHash" : "40cadc8092ca009356c07a4506f12734e8445cc40947af81a83bdbf863a14b34",
  "pins" : [
    {
      "identity" : "swiftpackagekeys",
      "kind" : "remoteSourceControl",
      "location" : "https://github.com/MasamiYamate/SwiftPackageKeys.git",
      "state" : {
        "revision" : "53730cd26830192226db3fafe7ac62820af2d4d2"
      }
    }
  ],
  "version" : 3
}
