{
  "originHash" : "40cadc8092ca009356c07a4506f12734e8445cc40947af81a83bdbf863a14b34",
  "pins" : [
    {
      "identity" : "swiftpackagekeys",
      "kind" : "remoteSourceControl",
      "location" : "https://github.com/MasamiYamate/SwiftPackageKeys.git",
      "state" : {
        "revision" : "904bb11868bdd06d13216c3296b1a4e33ff69cb7"
      }
    }
  ],
  "version" : 3
}
