// !$*UTF8*$!
{
	archiveVersion = 1;
	classes = {
	};
	objectVersion = 77;
	objects = {

/* Begin PBXAggregateTarget section */
		9447CE2A2DF6816900D606AC /* Copy .env */ = {
			isa = PBXAggregateTarget;
			buildConfigurationList = 9447CE2B2DF6816900D606AC /* Build configuration list for PBXAggregateTarget "Copy .env" */;
			buildPhases = (
				9447CE2E2DF6816E00D606AC /* ShellScript */,
			);
			dependencies = (
			);
			name = "Copy .env";
			packageProductDependencies = (
			);
			productName = "Copy .env";
		};
		9447CE2F2DF6818900D606AC /* Copy .env.json */ = {
			isa = PBXAggregateTarget;
			buildConfigurationList = 9447CE302DF6818900D606AC /* Build configuration list for PBXAggregateTarget "Copy .env.json" */;
			buildPhases = (
				9447CE332DF6819100D606AC /* ShellScript */,
			);
			dependencies = (
			);
			name = "Copy .env.json";
			packageProductDependencies = (
			);
			productName = "Copy .env.json";
		};
/* End PBXAggregateTarget section */

/* Begin PBXBuildFile section */
		9447CE292DF680EE00D606AC /* LocalPackage in Frameworks */ = {isa = PBXBuildFile; productRef = 9447CE282DF680EE00D606AC /* LocalPackage */; };
		9447CE352DF69AA200D606AC /* LocalPackage in Frameworks */ = {isa = PBXBuildFile; productRef = 9447CE342DF69AA200D606AC /* LocalPackage */; };
/* End PBXBuildFile section */

/* Begin PBXFileReference section */
		9447CE0D2DF6807000D606AC /* SwiftPackageKeysSampleAppSPMBase.app */ = {isa = PBXFileReference; explicitFileType = wrapper.application; includeInIndex = 0; path = SwiftPackageKeysSampleAppSPMBase.app; sourceTree = BUILT_PRODUCTS_DIR; };
/* End PBXFileReference section */

/* Begin PBXFileSystemSynchronizedRootGroup section */
		9447CE0F2DF6807000D606AC /* SwiftPackageKeysSampleAppSPMBase */ = {
			isa = PBXFileSystemSynchronizedRootGroup;
			path = SwiftPackageKeysSampleAppSPMBase;
			sourceTree = "<group>";
		};
/* End PBXFileSystemSynchronizedRootGroup section */

/* Begin PBXFrameworksBuildPhase section */
		9447CE0A2DF6807000D606AC /* Frameworks */ = {
			isa = PBXFrameworksBuildPhase;
			buildActionMask = 2147483647;
			files = (
				9447CE292DF680EE00D606AC /* LocalPackage in Frameworks */,
				9447CE352DF69AA200D606AC /* LocalPackage in Frameworks */,
			);
			runOnlyForDeploymentPostprocessing = 0;
		};
/* End PBXFrameworksBuildPhase section */

/* Begin PBXGroup section */
		9447CE042DF6807000D606AC = {
			isa = PBXGroup;
			children = (
				9447CE0F2DF6807000D606AC /* SwiftPackageKeysSampleAppSPMBase */,
				9447CE0E2DF6807000D606AC /* Products */,
			);
			sourceTree = "<group>";
		};
		9447CE0E2DF6807000D606AC /* Products */ = {
			isa = PBXGroup;
			children = (
				9447CE0D2DF6807000D606AC /* SwiftPackageKeysSampleAppSPMBase.app */,
			);
			name = Products;
			sourceTree = "<group>";
		};
/* End PBXGroup section */

/* Begin PBXNativeTarget section */
		9447CE0C2DF6807000D606AC /* SwiftPackageKeysSampleAppSPMBase */ = {
			isa = PBXNativeTarget;
			buildConfigurationList = 9447CE1B2DF6807100D606AC /* Build configuration list for PBXNativeTarget "SwiftPackageKeysSampleAppSPMBase" */;
			buildPhases = (
				9447CE092DF6807000D606AC /* Sources */,
				9447CE0A2DF6807000D606AC /* Frameworks */,
				9447CE0B2DF6807000D606AC /* Resources */,
			);
			buildRules = (
			);
			dependencies = (
			);
			fileSystemSynchronizedGroups = (
				9447CE0F2DF6807000D606AC /* SwiftPackageKeysSampleAppSPMBase */,
			);
			name = SwiftPackageKeysSampleAppSPMBase;
			packageProductDependencies = (
				9447CE282DF680EE00D606AC /* LocalPackage */,
				9447CE342DF69AA200D606AC /* LocalPackage */,
			);
			productName = SwiftPackageKeysSampleAppSPMBase;
			productReference = 9447CE0D2DF6807000D606AC /* SwiftPackageKeysSampleAppSPMBase.app */;
			productType = "com.apple.product-type.application";
		};
/* End PBXNativeTarget section */

/* Begin PBXProject section */
		9447CE052DF6807000D606AC /* Project object */ = {
			isa = PBXProject;
			attributes = {
				BuildIndependentTargetsInParallel = 1;
				LastSwiftUpdateCheck = 1620;
				LastUpgradeCheck = 1620;
				TargetAttributes = {
					9447CE0C2DF6807000D606AC = {
						CreatedOnToolsVersion = 16.2;
					};
					9447CE2A2DF6816900D606AC = {
						CreatedOnToolsVersion = 16.2;
					};
					9447CE2F2DF6818900D606AC = {
						CreatedOnToolsVersion = 16.2;
					};
				};
			};
			buildConfigurationList = 9447CE082DF6807000D606AC /* Build configuration list for PBXProject "SwiftPackageKeysSampleAppSPMBase" */;
			developmentRegion = en;
			hasScannedForEncodings = 0;
			knownRegions = (
				en,
				Base,
			);
			mainGroup = 9447CE042DF6807000D606AC;
			minimizedProjectReferenceProxies = 1;
			packageReferences = (
				9447CE272DF680EE00D606AC /* XCLocalSwiftPackageReference "LocalPackage" */,
			);
			preferredProjectObjectVersion = 77;
			productRefGroup = 9447CE0E2DF6807000D606AC /* Products */;
			projectDirPath = "";
			projectRoot = "";
			targets = (
				9447CE0C2DF6807000D606AC /* SwiftPackageKeysSampleAppSPMBase */,
				9447CE2A2DF6816900D606AC /* Copy .env */,
				9447CE2F2DF6818900D606AC /* Copy .env.json */,
			);
		};
/* End PBXProject section */

/* Begin PBXResourcesBuildPhase section */
		9447CE0B2DF6807000D606AC /* Resources */ = {
			isa = PBXResourcesBuildPhase;
			buildActionMask = 2147483647;
			files = (
			);
			runOnlyForDeploymentPostprocessing = 0;
		};
/* End PBXResourcesBuildPhase section */

/* Begin PBXShellScriptBuildPhase section */
		9447CE2E2DF6816E00D606AC /* ShellScript */ = {
			isa = PBXShellScriptBuildPhase;
			buildActionMask = 2147483647;
			files = (
			);
			inputFileListPaths = (
			);
			inputPaths = (
			);
			outputFileListPaths = (
			);
			outputPaths = (
			);
			runOnlyForDeploymentPostprocessing = 0;
			shellPath = /bin/sh;
			shellScript = "# Type a script or drag a script file from your workspace to insert its path.\nrm -rf \"${PROJECT_DIR}/.env.json\"\nrm -rf \"${PROJECT_DIR}/.env\"\ncp \"${PROJECT_DIR}/env\" \"${PROJECT_DIR}/.env\"\n";
		};
		9447CE332DF6819100D606AC /* ShellScript */ = {
			isa = PBXShellScriptBuildPhase;
			buildActionMask = 2147483647;
			files = (
			);
			inputFileListPaths = (
			);
			inputPaths = (
			);
			outputFileListPaths = (
			);
			outputPaths = (
			);
			runOnlyForDeploymentPostprocessing = 0;
			shellPath = /bin/sh;
			shellScript = "# Type a script or drag a script file from your workspace to insert its path.\nrm -rf \"${PROJECT_DIR}/.env.json\"\nrm -rf \"${PROJECT_DIR}/.env\"\ncp \"${PROJECT_DIR}/env.json\" \"${PROJECT_DIR}/.env.json\"\n";
		};
/* End PBXShellScriptBuildPhase section */

/* Begin PBXSourcesBuildPhase section */
		9447CE092DF6807000D606AC /* Sources */ = {
			isa = PBXSourcesBuildPhase;
			buildActionMask = 2147483647;
			files = (
			);
			runOnlyForDeploymentPostprocessing = 0;
		};
/* End PBXSourcesBuildPhase section */

/* Begin XCBuildConfiguration section */
		9447CE192DF6807100D606AC /* Debug */ = {
			isa = XCBuildConfiguration;
			buildSettings = {
				ALWAYS_SEARCH_USER_PATHS = NO;
				ASSETCATALOG_COMPILER_GENERATE_SWIFT_ASSET_SYMBOL_EXTENSIONS = YES;
				CLANG_ANALYZER_NONNULL = YES;
				CLANG_ANALYZER_NUMBER_OBJECT_CONVERSION = YES_AGGRESSIVE;
				CLANG_CXX_LANGUAGE_STANDARD = "gnu++20";
				CLANG_ENABLE_MODULES = YES;
				CLANG_ENABLE_OBJC_ARC = YES;
				CLANG_ENABLE_OBJC_WEAK = YES;
				CLANG_WARN_BLOCK_CAPTURE_AUTORELEASING = YES;
				CLANG_WARN_BOOL_CONVERSION = YES;
				CLANG_WARN_COMMA = YES;
				CLANG_WARN_CONSTANT_CONVERSION = YES;
				CLANG_WARN_DEPRECATED_OBJC_IMPLEMENTATIONS = YES;
				CLANG_WARN_DIRECT_OBJC_ISA_USAGE = YES_ERROR;
				CLANG_WARN_DOCUMENTATION_COMMENTS = YES;
				CLANG_WARN_EMPTY_BODY = YES;
				CLANG_WARN_ENUM_CONVERSION = YES;
				CLANG_WARN_INFINITE_RECURSION = YES;
				CLANG_WARN_INT_CONVERSION = YES;
				CLANG_WARN_NON_LITERAL_NULL_CONVERSION = YES;
				CLANG_WARN_OBJC_IMPLICIT_RETAIN_SELF = YES;
				CLANG_WARN_OBJC_LITERAL_CONVERSION = YES;
				CLANG_WARN_OBJC_ROOT_CLASS = YES_ERROR;
				CLANG_WARN_QUOTED_INCLUDE_IN_FRAMEWORK_HEADER = YES;
				CLANG_WARN_RANGE_LOOP_ANALYSIS = YES;
				CLANG_WARN_STRICT_PROTOTYPES = YES;
				CLANG_WARN_SUSPICIOUS_MOVE = YES;
				CLANG_WARN_UNGUARDED_AVAILABILITY = YES_AGGRESSIVE;
				CLANG_WARN_UNREACHABLE_CODE = YES;
				CLANG_WARN__DUPLICATE_METHOD_MATCH = YES;
				COPY_PHASE_STRIP = NO;
				DEBUG_INFORMATION_FORMAT = dwarf;
				ENABLE_STRICT_OBJC_MSGSEND = YES;
				ENABLE_TESTABILITY = YES;
				ENABLE_USER_SCRIPT_SANDBOXING = YES;
				GCC_C_LANGUAGE_STANDARD = gnu17;
				GCC_DYNAMIC_NO_PIC = NO;
				GCC_NO_COMMON_BLOCKS = YES;
				GCC_OPTIMIZATION_LEVEL = 0;
				GCC_PREPROCESSOR_DEFINITIONS = (
					"DEBUG=1",
					"$(inherited)",
				);
				GCC_WARN_64_TO_32_BIT_CONVERSION = YES;
				GCC_WARN_ABOUT_RETURN_TYPE = YES_ERROR;
				GCC_WARN_UNDECLARED_SELECTOR = YES;
				GCC_WARN_UNINITIALIZED_AUTOS = YES_AGGRESSIVE;
				GCC_WARN_UNUSED_FUNCTION = YES;
				GCC_WARN_UNUSED_VARIABLE = YES;
				IPHONEOS_DEPLOYMENT_TARGET = 18.2;
				LOCALIZATION_PREFERS_STRING_CATALOGS = YES;
				MTL_ENABLE_DEBUG_INFO = INCLUDE_SOURCE;
				MTL_FAST_MATH = YES;
				ONLY_ACTIVE_ARCH = YES;
				SDKROOT = iphoneos;
				SWIFT_ACTIVE_COMPILATION_CONDITIONS = "DEBUG $(inherited)";
				SWIFT_OPTIMIZATION_LEVEL = "-Onone";
			};
			name = Debug;
		};
		9447CE1A2DF6807100D606AC /* Release */ = {
			isa = XCBuildConfiguration;
			buildSettings = {
				ALWAYS_SEARCH_USER_PATHS = NO;
				ASSETCATALOG_COMPILER_GENERATE_SWIFT_ASSET_SYMBOL_EXTENSIONS = YES;
				CLANG_ANALYZER_NONNULL = YES;
				CLANG_ANALYZER_NUMBER_OBJECT_CONVERSION = YES_AGGRESSIVE;
				CLANG_CXX_LANGUAGE_STANDARD = "gnu++20";
				CLANG_ENABLE_MODULES = YES;
				CLANG_ENABLE_OBJC_ARC = YES;
				CLANG_ENABLE_OBJC_WEAK = YES;
				CLANG_WARN_BLOCK_CAPTURE_AUTORELEASING = YES;
				CLANG_WARN_BOOL_CONVERSION = YES;
				CLANG_WARN_COMMA = YES;
				CLANG_WARN_CONSTANT_CONVERSION = YES;
				CLANG_WARN_DEPRECATED_OBJC_IMPLEMENTATIONS = YES;
				CLANG_WARN_DIRECT_OBJC_ISA_USAGE = YES_ERROR;
				CLANG_WARN_DOCUMENTATION_COMMENTS = YES;
				CLANG_WARN_EMPTY_BODY = YES;
				CLANG_WARN_ENUM_CONVERSION = YES;
				CLANG_WARN_INFINITE_RECURSION = YES;
				CLANG_WARN_INT_CONVERSION = YES;
				CLANG_WARN_NON_LITERAL_NULL_CONVERSION = YES;
				CLANG_WARN_OBJC_IMPLICIT_RETAIN_SELF = YES;
				CLANG_WARN_OBJC_LITERAL_CONVERSION = YES;
				CLANG_WARN_OBJC_ROOT_CLASS = YES_ERROR;
				CLANG_WARN_QUOTED_INCLUDE_IN_FRAMEWORK_HEADER = YES;
				CLANG_WARN_RANGE_LOOP_ANALYSIS = YES;
				CLANG_WARN_STRICT_PROTOTYPES = YES;
				CLANG_WARN_SUSPICIOUS_MOVE = YES;
				CLANG_WARN_UNGUARDED_AVAILABILITY = YES_AGGRESSIVE;
				CLANG_WARN_UNREACHABLE_CODE = YES;
				CLANG_WARN__DUPLICATE_METHOD_MATCH = YES;
				COPY_PHASE_STRIP = NO;
				DEBUG_INFORMATION_FORMAT = "dwarf-with-dsym";
				ENABLE_NS_ASSERTIONS = NO;
				ENABLE_STRICT_OBJC_MSGSEND = YES;
				ENABLE_USER_SCRIPT_SANDBOXING = YES;
				GCC_C_LANGUAGE_STANDARD = gnu17;
				GCC_NO_COMMON_BLOCKS = YES;
				GCC_WARN_64_TO_32_BIT_CONVERSION = YES;
				GCC_WARN_ABOUT_RETURN_TYPE = YES_ERROR;
				GCC_WARN_UNDECLARED_SELECTOR = YES;
				GCC_WARN_UNINITIALIZED_AUTOS = YES_AGGRESSIVE;
				GCC_WARN_UNUSED_FUNCTION = YES;
				GCC_WARN_UNUSED_VARIABLE = YES;
				IPHONEOS_DEPLOYMENT_TARGET = 18.2;
				LOCALIZATION_PREFERS_STRING_CATALOGS = YES;
				MTL_ENABLE_DEBUG_INFO = NO;
				MTL_FAST_MATH = YES;
				SDKROOT = iphoneos;
				SWIFT_COMPILATION_MODE = wholemodule;
				VALIDATE_PRODUCT = YES;
			};
			name = Release;
		};
		9447CE1C2DF6807100D606AC /* Debug */ = {
			isa = XCBuildConfiguration;
			buildSettings = {
				ASSETCATALOG_COMPILER_APPICON_NAME = AppIcon;
				ASSETCATALOG_COMPILER_GLOBAL_ACCENT_COLOR_NAME = AccentColor;
				CODE_SIGN_STYLE = Automatic;
				CURRENT_PROJECT_VERSION = 1;
				DEVELOPMENT_ASSET_PATHS = "\"SwiftPackageKeysSampleAppSPMBase/Preview Content\"";
				ENABLE_PREVIEWS = YES;
				GENERATE_INFOPLIST_FILE = YES;
				INFOPLIST_KEY_UIApplicationSceneManifest_Generation = YES;
				INFOPLIST_KEY_UIApplicationSupportsIndirectInputEvents = YES;
				INFOPLIST_KEY_UILaunchScreen_Generation = YES;
				INFOPLIST_KEY_UISupportedInterfaceOrientations_iPad = "UIInterfaceOrientationPortrait UIInterfaceOrientationPortraitUpsideDown UIInterfaceOrientationLandscapeLeft UIInterfaceOrientationLandscapeRight";
				INFOPLIST_KEY_UISupportedInterfaceOrientations_iPhone = "UIInterfaceOrientationPortrait UIInterfaceOrientationLandscapeLeft UIInterfaceOrientationLandscapeRight";
				IPHONEOS_DEPLOYMENT_TARGET = 15.6;
				LD_RUNPATH_SEARCH_PATHS = (
					"$(inherited)",
					"@executable_path/Frameworks",
				);
				MARKETING_VERSION = 1.0;
				PRODUCT_BUNDLE_IDENTIFIER = net.yamatte.SwiftPackageKeysSampleAppSPMBase;
				PRODUCT_NAME = "$(TARGET_NAME)";
				SWIFT_EMIT_LOC_STRINGS = YES;
				SWIFT_VERSION = 5.0;
				TARGETED_DEVICE_FAMILY = "1,2";
			};
			name = Debug;
		};
		9447CE1D2DF6807100D606AC /* Release */ = {
			isa = XCBuildConfiguration;
			buildSettings = {
				ASSETCATALOG_COMPILER_APPICON_NAME = AppIcon;
				ASSETCATALOG_COMPILER_GLOBAL_ACCENT_COLOR_NAME = AccentColor;
				CODE_SIGN_STYLE = Automatic;
				CURRENT_PROJECT_VERSION = 1;
				DEVELOPMENT_ASSET_PATHS = "\"SwiftPackageKeysSampleAppSPMBase/Preview Content\"";
				ENABLE_PREVIEWS = YES;
				GENERATE_INFOPLIST_FILE = YES;
				INFOPLIST_KEY_UIApplicationSceneManifest_Generation = YES;
				INFOPLIST_KEY_UIApplicationSupportsIndirectInputEvents = YES;
				INFOPLIST_KEY_UILaunchScreen_Generation = YES;
				INFOPLIST_KEY_UISupportedInterfaceOrientations_iPad = "UIInterfaceOrientationPortrait UIInterfaceOrientationPortraitUpsideDown UIInterfaceOrientationLandscapeLeft UIInterfaceOrientationLandscapeRight";
				INFOPLIST_KEY_UISupportedInterfaceOrientations_iPhone = "UIInterfaceOrientationPortrait UIInterfaceOrientationLandscapeLeft UIInterfaceOrientationLandscapeRight";
				IPHONEOS_DEPLOYMENT_TARGET = 15.6;
				LD_RUNPATH_SEARCH_PATHS = (
					"$(inherited)",
					"@executable_path/Frameworks",
				);
				MARKETING_VERSION = 1.0;
				PRODUCT_BUNDLE_IDENTIFIER = net.yamatte.SwiftPackageKeysSampleAppSPMBase;
				PRODUCT_NAME = "$(TARGET_NAME)";
				SWIFT_EMIT_LOC_STRINGS = YES;
				SWIFT_VERSION = 5.0;
				TARGETED_DEVICE_FAMILY = "1,2";
			};
			name = Release;
		};
		9447CE2C2DF6816900D606AC /* Debug */ = {
			isa = XCBuildConfiguration;
			buildSettings = {
				CODE_SIGN_STYLE = Automatic;
				PRODUCT_NAME = "$(TARGET_NAME)";
			};
			name = Debug;
		};
		9447CE2D2DF6816900D606AC /* Release */ = {
			isa = XCBuildConfiguration;
			buildSettings = {
				CODE_SIGN_STYLE = Automatic;
				PRODUCT_NAME = "$(TARGET_NAME)";
			};
			name = Release;
		};
		9447CE312DF6818900D606AC /* Debug */ = {
			isa = XCBuildConfiguration;
			buildSettings = {
				CODE_SIGN_STYLE = Automatic;
				PRODUCT_NAME = "$(TARGET_NAME)";
			};
			name = Debug;
		};
		9447CE322DF6818900D606AC /* Release */ = {
			isa = XCBuildConfiguration;
			buildSettings = {
				CODE_SIGN_STYLE = Automatic;
				PRODUCT_NAME = "$(TARGET_NAME)";
			};
			name = Release;
		};
/* End XCBuildConfiguration section */

/* Begin XCConfigurationList section */
		9447CE082DF6807000D606AC /* Build configuration list for PBXProject "SwiftPackageKeysSampleAppSPMBase" */ = {
			isa = XCConfigurationList;
			buildConfigurations = (
				9447CE192DF6807100D606AC /* Debug */,
				9447CE1A2DF6807100D606AC /* Release */,
			);
			defaultConfigurationIsVisible = 0;
			defaultConfigurationName = Release;
		};
		9447CE1B2DF6807100D606AC /* Build configuration list for PBXNativeTarget "SwiftPackageKeysSampleAppSPMBase" */ = {
			isa = XCConfigurationList;
			buildConfigurations = (
				9447CE1C2DF6807100D606AC /* Debug */,
				9447CE1D2DF6807100D606AC /* Release */,
			);
			defaultConfigurationIsVisible = 0;
			defaultConfigurationName = Release;
		};
		9447CE2B2DF6816900D606AC /* Build configuration list for PBXAggregateTarget "Copy .env" */ = {
			isa = XCConfigurationList;
			buildConfigurations = (
				9447CE2C2DF6816900D606AC /* Debug */,
				9447CE2D2DF6816900D606AC /* Release */,
			);
			defaultConfigurationIsVisible = 0;
			defaultConfigurationName = Release;
		};
		9447CE302DF6818900D606AC /* Build configuration list for PBXAggregateTarget "Copy .env.json" */ = {
			isa = XCConfigurationList;
			buildConfigurations = (
				9447CE312DF6818900D606AC /* Debug */,
				9447CE322DF6818900D606AC /* Release */,
			);
			defaultConfigurationIsVisible = 0;
			defaultConfigurationName = Release;
		};
/* End XCConfigurationList section */

/* Begin XCLocalSwiftPackageReference section */
		9447CE272DF680EE00D606AC /* XCLocalSwiftPackageReference "LocalPackage" */ = {
			isa = XCLocalSwiftPackageReference;
			relativePath = LocalPackage;
		};
/* End XCLocalSwiftPackageReference section */

/* Begin XCSwiftPackageProductDependency section */
		9447CE282DF680EE00D606AC /* LocalPackage */ = {
			isa = XCSwiftPackageProductDependency;
			productName = LocalPackage;
		};
		9447CE342DF69AA200D606AC /* LocalPackage */ = {
			isa = XCSwiftPackageProductDependency;
			productName = LocalPackage;
		};
/* End XCSwiftPackageProductDependency section */
	};
	rootObject = 9447CE052DF6807000D606AC /* Project object */;
}
