{
  "originHash" : "e92b6ddb87128cf90b3131bb0f5469c8e9433cd033b1d7544e4ca01439229aba",
  "pins" : [
    {
      "identity" : "swiftpackagekeys",
      "kind" : "remoteSourceControl",
      "location" : "https://github.com/MasamiYamate/SwiftPackageKeys",
      "state" : {
        "revision" : "704ab8e9c0a90d565b40367b22e9fd6faf72a36d"
      }
    }
  ],
  "version" : 3
}
