{
  "pins" : [
    {
      "identity" : "swiftpackagekeys",
      "kind" : "remoteSourceControl",
      "location" : "https://github.com/MasamiYamate/SwiftPackageKeys",
      "state" : {
        "branch" : "main",
        "revision" : "a3d02a424e41fa9dabeda9a3326213ef9124e742"
      }
    }
  ],
  "version" : 2
}
